
Microsoft Visual Studio Solution File, Format Version 12.00
# Visual Studio Version 17
VisualStudioVersion = 17.5.33627.172
MinimumVisualStudioVersion = 10.0.40219.1
Project("{9A19103F-16F7-4668-BE54-9A1E7A4F7556}") = "figure", "figure\figure.csproj", "{23AD3849-8308-4233-AEAD-7B8FB995C9B9}"
EndProject
Project("{9A19103F-16F7-4668-BE54-9A1E7A4F7556}") = "ClassLibrary1", "ClassLibrary1\ClassLibrary1.csproj", "{8AFBD991-3A0C-4177-A8BB-9DB75482101D}"
EndProject
Project("{FAE04EC0-301F-11D3-BF4B-00C04F79EFBC}") = "UnitTest", "UnitTest\UnitTest.csproj", "{B07B5C35-64EF-419D-BC95-52F6F71A2FF0}"
EndProject
Global
	GlobalSection(SolutionConfigurationPlatforms) = preSolution
		Debug|Any CPU = Debug|Any CPU
		Release|Any CPU = Release|Any CPU
	EndGlobalSection
	GlobalSection(ProjectConfigurationPlatforms) = postSolution
		{23AD3849-8308-4233-AEAD-7B8FB995C9B9}.Debug|Any CPU.ActiveCfg = Debug|Any CPU
		{23AD3849-8308-4233-AEAD-7B8FB995C9B9}.Debug|Any CPU.Build.0 = Debug|Any CPU
		{23AD3849-8308-4233-AEAD-7B8FB995C9B9}.Release|Any CPU.ActiveCfg = Release|Any CPU
		{23AD3849-8308-4233-AEAD-7B8FB995C9B9}.Release|Any CPU.Build.0 = Release|Any CPU
		{8AFBD991-3A0C-4177-A8BB-9DB75482101D}.Debug|Any CPU.ActiveCfg = Debug|Any CPU
		{8AFBD991-3A0C-4177-A8BB-9DB75482101D}.Debug|Any CPU.Build.0 = Debug|Any CPU
		{8AFBD991-3A0C-4177-A8BB-9DB75482101D}.Release|Any CPU.ActiveCfg = Release|Any CPU
		{8AFBD991-3A0C-4177-A8BB-9DB75482101D}.Release|Any CPU.Build.0 = Release|Any CPU
		{B07B5C35-64EF-419D-BC95-52F6F71A2FF0}.Debug|Any CPU.ActiveCfg = Debug|Any CPU
		{B07B5C35-64EF-419D-BC95-52F6F71A2FF0}.Debug|Any CPU.Build.0 = Debug|Any CPU
		{B07B5C35-64EF-419D-BC95-52F6F71A2FF0}.Release|Any CPU.ActiveCfg = Release|Any CPU
		{B07B5C35-64EF-419D-BC95-52F6F71A2FF0}.Release|Any CPU.Build.0 = Release|Any CPU
	EndGlobalSection
	GlobalSection(SolutionProperties) = preSolution
		HideSolutionNode = FALSE
	EndGlobalSection
	GlobalSection(ExtensibilityGlobals) = postSolution
		SolutionGuid = {DFAC731F-901D-4A81-9231-19829F426333}
	EndGlobalSection
EndGlobal
